
Microsoft Visual Studio Solution File, Format Version 12.00
Project("{FAE04EC0-301F-11D3-BF4B-00C04F79EFBC}") = "RSA", "RSA.csproj", "{EBF04D47-8C02-4D9D-BB4C-64550ECA7E9B}"
EndProject
Global
	GlobalSection(SolutionConfigurationPlatforms) = preSolution
		Debug|Any CPU = Debug|Any CPU
		Release|Any CPU = Release|Any CPU
	EndGlobalSection
	GlobalSection(ProjectConfigurationPlatforms) = postSolution
		{EBF04D47-8C02-4D9D-BB4C-64550ECA7E9B}.Debug|Any CPU.ActiveCfg = Debug|Any CPU
		{EBF04D47-8C02-4D9D-BB4C-64550ECA7E9B}.Debug|Any CPU.Build.0 = Debug|Any CPU
		{EBF04D47-8C02-4D9D-BB4C-64550ECA7E9B}.Release|Any CPU.ActiveCfg = Release|Any CPU
		{EBF04D47-8C02-4D9D-BB4C-64550ECA7E9B}.Release|Any CPU.Build.0 = Release|Any CPU
	EndGlobalSection
EndGlobal
